<?xml version="1.0" encoding="utf-8"?>
<Project ToolsVersion="4.0" xmlns="http://schemas.microsoft.com/developer/msbuild/2003">
  <ItemGroup>
    <Filter Include="Source Files">
      <UniqueIdentifier>{4FC737F1-C7A5-4376-A066-2A32D752A2FF}</UniqueIdentifier>
      <Extensions>cpp;c;cc;cxx;c++;cppm;ixx;def;odl;idl;hpj;bat;asm;asmx</Extensions>
    </Filter>
    <Filter Include="Header Files">
      <UniqueIdentifier>{93995380-89BD-4b04-88EB-625FBE52EBFB}</UniqueIdentifier>
      <Extensions>h;hh;hpp;hxx;h++;hm;inl;inc;ipp;xsd</Extensions>
    </Filter>
    <Filter Include="Resource Files">
      <UniqueIdentifier>{c1da56e2-da07-4c14-9e54-f3131451a716}</UniqueIdentifier>
    </Filter>
    <Filter Include="Header Files\Extension">
      <UniqueIdentifier>{62b29330-da12-4dd0-bc6a-81f7bf77434d}</UniqueIdentifier>
    </Filter>
    <Filter Include="Header Files\Extension Methods">
      <UniqueIdentifier>{eda8f773-ba43-4ee7-84e7-d072bfe55790}</UniqueIdentifier>
    </Filter>
    <Filter Include="Header Files\Treasury Quotes">
      <UniqueIdentifier>{69dba39c-92de-4379-9143-58136f124b8f}</UniqueIdentifier>
    </Filter>
    <Filter Include="Header Files\ACHS">
      <UniqueIdentifier>{1efb0fa1-51f3-47b5-8ed7-bbb1df34ed61}</UniqueIdentifier>
    </Filter>
  </ItemGroup>
  <ItemGroup>
    <ClCompile Include="ACHS.cpp">
      <Filter>Source Files</Filter>
    </ClCompile>
  </ItemGroup>
  <ItemGroup>
    <ClInclude Include="ExtensionMethod.h">
      <Filter>Header Files\Extension</Filter>
    </ClInclude>
    <ClInclude Include="RollingAverage.h">
      <Filter>Header Files\Extension Methods</Filter>
    </ClInclude>
    <ClInclude Include="LinearlyGraded.h">
      <Filter>Header Files\Extension Methods</Filter>
    </ClInclude>
    <ClInclude Include="Flat.h">
      <Filter>Header Files\Extension Methods</Filter>
    </ClInclude>
    <ClInclude Include="Constant.h">
      <Filter>Header Files\Extension Methods</Filter>
    </ClInclude>
    <ClInclude Include="ExtendedCurve.h">
      <Filter>Header Files\Extension</Filter>
    </ClInclude>
    <ClInclude Include="TreasuryQuote.h">
      <Filter>Header Files\Treasury Quotes</Filter>
    </ClInclude>
    <ClInclude Include="ExtendedCurves.h">
      <Filter>Header Files\Extension</Filter>
    </ClInclude>
    <ClInclude Include="LiabilityCashFlows.h">
      <Filter>Header Files</Filter>
    </ClInclude>
  </ItemGroup>
</Project>